
Microsoft Visual Studio Solution File, Format Version 12.00
# Visual Studio Version 16
VisualStudioVersion = 16.0.32413.511
MinimumVisualStudioVersion = 10.0.40219.1
Project("{FAE04EC0-301F-11D3-BF4B-00C04F79EFBC}") = "Exam", "Exam\Exam.csproj", "{32580B77-A9E9-4542-B463-5000338BF3FD}"
EndProject
Project("{FAE04EC0-301F-11D3-BF4B-00C04F79EFBC}") = "DataAccess", "DataAccess\DataAccess.csproj", "{6E3E03C8-AE8B-4D99-A695-5D9EE5135EEF}"
EndProject
Project("{FAE04EC0-301F-11D3-BF4B-00C04F79EFBC}") = "Entities", "Entities\Entities.csproj", "{202C6606-BF4A-405F-8847-E99CE5E32B62}"
EndProject
Project("{FAE04EC0-301F-11D3-BF4B-00C04F79EFBC}") = "Service", "Service\Service.csproj", "{571DB974-751F-4C11-8971-391AF410317E}"
EndProject
Project("{FAE04EC0-301F-11D3-BF4B-00C04F79EFBC}") = "Test", "Test\Test.csproj", "{7E0749BA-9D1F-455D-91FE-7A2A2F96B31B}"
EndProject
Global
	GlobalSection(SolutionConfigurationPlatforms) = preSolution
		Debug|Any CPU = Debug|Any CPU
		Release|Any CPU = Release|Any CPU
	EndGlobalSection
	GlobalSection(ProjectConfigurationPlatforms) = postSolution
		{32580B77-A9E9-4542-B463-5000338BF3FD}.Debug|Any CPU.ActiveCfg = Debug|Any CPU
		{32580B77-A9E9-4542-B463-5000338BF3FD}.Debug|Any CPU.Build.0 = Debug|Any CPU
		{32580B77-A9E9-4542-B463-5000338BF3FD}.Release|Any CPU.ActiveCfg = Release|Any CPU
		{32580B77-A9E9-4542-B463-5000338BF3FD}.Release|Any CPU.Build.0 = Release|Any CPU
		{6E3E03C8-AE8B-4D99-A695-5D9EE5135EEF}.Debug|Any CPU.ActiveCfg = Debug|Any CPU
		{6E3E03C8-AE8B-4D99-A695-5D9EE5135EEF}.Debug|Any CPU.Build.0 = Debug|Any CPU
		{6E3E03C8-AE8B-4D99-A695-5D9EE5135EEF}.Release|Any CPU.ActiveCfg = Release|Any CPU
		{6E3E03C8-AE8B-4D99-A695-5D9EE5135EEF}.Release|Any CPU.Build.0 = Release|Any CPU
		{202C6606-BF4A-405F-8847-E99CE5E32B62}.Debug|Any CPU.ActiveCfg = Debug|Any CPU
		{202C6606-BF4A-405F-8847-E99CE5E32B62}.Debug|Any CPU.Build.0 = Debug|Any CPU
		{202C6606-BF4A-405F-8847-E99CE5E32B62}.Release|Any CPU.ActiveCfg = Release|Any CPU
		{202C6606-BF4A-405F-8847-E99CE5E32B62}.Release|Any CPU.Build.0 = Release|Any CPU
		{571DB974-751F-4C11-8971-391AF410317E}.Debug|Any CPU.ActiveCfg = Debug|Any CPU
		{571DB974-751F-4C11-8971-391AF410317E}.Debug|Any CPU.Build.0 = Debug|Any CPU
		{571DB974-751F-4C11-8971-391AF410317E}.Release|Any CPU.ActiveCfg = Release|Any CPU
		{571DB974-751F-4C11-8971-391AF410317E}.Release|Any CPU.Build.0 = Release|Any CPU
		{7E0749BA-9D1F-455D-91FE-7A2A2F96B31B}.Debug|Any CPU.ActiveCfg = Debug|Any CPU
		{7E0749BA-9D1F-455D-91FE-7A2A2F96B31B}.Debug|Any CPU.Build.0 = Debug|Any CPU
		{7E0749BA-9D1F-455D-91FE-7A2A2F96B31B}.Release|Any CPU.ActiveCfg = Release|Any CPU
		{7E0749BA-9D1F-455D-91FE-7A2A2F96B31B}.Release|Any CPU.Build.0 = Release|Any CPU
	EndGlobalSection
	GlobalSection(SolutionProperties) = preSolution
		HideSolutionNode = FALSE
	EndGlobalSection
	GlobalSection(ExtensibilityGlobals) = postSolution
		SolutionGuid = {AC14BF3F-971D-4F28-A1C7-D697B35093A6}
	EndGlobalSection
EndGlobal
